
Microsoft Visual Studio Solution File, Format Version 12.00
# Visual Studio Version 17
VisualStudioVersion = 17.1.32421.90
MinimumVisualStudioVersion = 10.0.40219.1
Project("{FAE04EC0-301F-11D3-BF4B-00C04F79EFBC}") = "IpcWpfApplication", "IpcWpfApplication\IpcWpfApplication.csproj", "{57A9139D-74F5-4CF3-AA00-56601756A559}"
EndProject
Project("{FAE04EC0-301F-11D3-BF4B-00C04F79EFBC}") = "Ipc.Base", "Ipc.Base\Ipc.Base.csproj", "{12D07428-7787-4E81-8F12-B894FE3401D2}"
EndProject
Global
	GlobalSection(SolutionConfigurationPlatforms) = preSolution
		Debug|Any CPU = Debug|Any CPU
		Release|Any CPU = Release|Any CPU
	EndGlobalSection
	GlobalSection(ProjectConfigurationPlatforms) = postSolution
		{57A9139D-74F5-4CF3-AA00-56601756A559}.Debug|Any CPU.ActiveCfg = Debug|Any CPU
		{57A9139D-74F5-4CF3-AA00-56601756A559}.Debug|Any CPU.Build.0 = Debug|Any CPU
		{57A9139D-74F5-4CF3-AA00-56601756A559}.Release|Any CPU.ActiveCfg = Release|Any CPU
		{57A9139D-74F5-4CF3-AA00-56601756A559}.Release|Any CPU.Build.0 = Release|Any CPU
		{12D07428-7787-4E81-8F12-B894FE3401D2}.Debug|Any CPU.ActiveCfg = Debug|Any CPU
		{12D07428-7787-4E81-8F12-B894FE3401D2}.Debug|Any CPU.Build.0 = Debug|Any CPU
		{12D07428-7787-4E81-8F12-B894FE3401D2}.Release|Any CPU.ActiveCfg = Release|Any CPU
		{12D07428-7787-4E81-8F12-B894FE3401D2}.Release|Any CPU.Build.0 = Release|Any CPU
	EndGlobalSection
	GlobalSection(SolutionProperties) = preSolution
		HideSolutionNode = FALSE
	EndGlobalSection
	GlobalSection(ExtensibilityGlobals) = postSolution
		SolutionGuid = {A7C8531D-C69F-47DB-92F6-F6AB4E83D4E1}
	EndGlobalSection
EndGlobal
